{
  "version": 4,
  "terraform_version": "1.6.6",
  "serial": 14,
  "lineage": "9aa83161-4df4-e016-31b6-93063abe9c41",
  "outputs": {},
  "resources": [
    {
      "mode": "data",
      "type": "hcloud_image",
      "name": "debian_arm",
      "provider": "provider[\"registry.terraform.io/hetznercloud/hcloud\"]",
      "instances": [
        {
          "schema_version": 0,
          "attributes": {
            "architecture": "arm",
            "created": "2023-06-13T06:00:03Z",
            "deprecated": null,
            "description": "Debian 12",
            "id": 114690389,
            "include_deprecated": false,
            "labels": {},
            "most_recent": true,
            "name": "debian-12",
            "os_flavor": "debian",
            "os_version": "12",
            "rapid_deploy": true,
            "selector": null,
            "type": "system",
            "with_architecture": "arm",
            "with_selector": null,
            "with_status": [
              "available"
            ]
          },
          "sensitive_attributes": []
        }
      ]
    },
    {
      "mode": "data",
      "type": "hcloud_image",
      "name": "debian_x86",
      "provider": "provider[\"registry.terraform.io/hetznercloud/hcloud\"]",
      "instances": [
        {
          "schema_version": 0,
          "attributes": {
            "architecture": "x86",
            "created": "2023-06-13T06:00:02Z",
            "deprecated": null,
            "description": "Debian 12",
            "id": 114690387,
            "include_deprecated": false,
            "labels": {},
            "most_recent": true,
            "name": "debian-12",
            "os_flavor": "debian",
            "os_version": "12",
            "rapid_deploy": true,
            "selector": null,
            "type": "system",
            "with_architecture": "x86",
            "with_selector": null,
            "with_status": [
              "available"
            ]
          },
          "sensitive_attributes": []
        }
      ]
    },
    {
      "mode": "data",
      "type": "template_file",
      "name": "cloud-init-config",
      "provider": "provider[\"registry.terraform.io/hashicorp/template\"]",
      "instances": [
        {
          "schema_version": 0,
          "attributes": {
            "filename": null,
            "id": "c83c2c5c7572ce3f231d9dba3af45beb01ff4f07dd2cccaaf41c3631127bf354",
            "rendered": "#cloud-config\nssh_pwauth: false\npackage_update: true\npackages:\n  - \"zsh\"\n  - \"git\"\nusers:\n  - name: \"ftsell\"\n    sudo: \"ALL=(ALL) ALL\"\n    shell: \"/usr/bin/bash\"\n    lock_passwd: false\n    passwd: \"$y$j9T$aBIZTwuHwf2z3EcmgPVmj/$QsfbeI3iqtZ8Z/KaR3tJlAnaTynSPj72SWlPxzC4yc7\n\"\n    ssh_authorized_keys:\n      - \"ssh-rsa AAAAB3NzaC1yc2EAAAADAQABAAABAQCcUOGV3tEfudXOX3JciEmyaGowgGu85OKvmmTPMMcjshh1laHAFnGBjQgizl5jA1wTs0offX9A4Z47RJq7q3PG0OmHeobs4lpPzInMPVKmjoLu9bsllvXgKttGk5I4Epdc2wp7C1T9cfwNAqQOU+H2prC95nbiFPLpFUcQ1R7HEssGkhnyV5zAOQUjsbj1jgyMVCKAPL+Lcc282Auy7qcCk42YnOZSvGJ0Fz3WGOZ2YtL/83OOkbTIXQpGkOYEsOo2pVxd5MjOrebF5XudM4n07w+mBi3PejJnfppDY6AZUwctqcGPXAV2k99ltaakaoZ8kt1QhR/BjpQ6Rw8N99JH\n\"\n",
            "template": "#cloud-config\nssh_pwauth: false\npackage_update: true\npackages:\n  - \"zsh\"\n  - \"git\"\nusers:\n  - name: \"ftsell\"\n    sudo: \"ALL=(ALL) ALL\"\n    shell: \"/usr/bin/bash\"\n    lock_passwd: false\n    passwd: \"${ ftsell_pwhash }\"\n    ssh_authorized_keys:\n      - \"${ ftsell_pubkey }\"\n",
            "vars": {
              "ftsell_pubkey": "ssh-rsa AAAAB3NzaC1yc2EAAAADAQABAAABAQCcUOGV3tEfudXOX3JciEmyaGowgGu85OKvmmTPMMcjshh1laHAFnGBjQgizl5jA1wTs0offX9A4Z47RJq7q3PG0OmHeobs4lpPzInMPVKmjoLu9bsllvXgKttGk5I4Epdc2wp7C1T9cfwNAqQOU+H2prC95nbiFPLpFUcQ1R7HEssGkhnyV5zAOQUjsbj1jgyMVCKAPL+Lcc282Auy7qcCk42YnOZSvGJ0Fz3WGOZ2YtL/83OOkbTIXQpGkOYEsOo2pVxd5MjOrebF5XudM4n07w+mBi3PejJnfppDY6AZUwctqcGPXAV2k99ltaakaoZ8kt1QhR/BjpQ6Rw8N99JH\n",
              "ftsell_pwhash": "$y$j9T$aBIZTwuHwf2z3EcmgPVmj/$QsfbeI3iqtZ8Z/KaR3tJlAnaTynSPj72SWlPxzC4yc7\n"
            }
          },
          "sensitive_attributes": []
        }
      ]
    },
    {
      "mode": "managed",
      "type": "hcloud_rdns",
      "name": "monitoring-ipv4",
      "provider": "provider[\"registry.terraform.io/hetznercloud/hcloud\"]",
      "instances": [
        {
          "schema_version": 0,
          "attributes": {
            "dns_ptr": "monitoring.srv.vivaconagua.org",
            "floating_ip_id": null,
            "id": "s-40792989-65.109.12.20",
            "ip_address": "65.109.12.20",
            "load_balancer_id": null,
            "primary_ip_id": null,
            "server_id": 40792989
          },
          "sensitive_attributes": [],
          "private": "bnVsbA==",
          "dependencies": [
            "data.hcloud_image.debian_arm",
            "data.template_file.cloud-init-config",
            "hcloud_server.monitoring"
          ]
        }
      ]
    },
    {
      "mode": "managed",
      "type": "hcloud_rdns",
      "name": "monitoring-ipv6",
      "provider": "provider[\"registry.terraform.io/hetznercloud/hcloud\"]",
      "instances": [
        {
          "schema_version": 0,
          "attributes": {
            "dns_ptr": "monitoring.srv.vivaconagua.org",
            "floating_ip_id": null,
            "id": "s-40792989-2a01:4f9:c010:8762::1",
            "ip_address": "2a01:4f9:c010:8762::1",
            "load_balancer_id": null,
            "primary_ip_id": null,
            "server_id": 40792989
          },
          "sensitive_attributes": [],
          "private": "bnVsbA==",
          "dependencies": [
            "data.hcloud_image.debian_arm",
            "data.template_file.cloud-init-config",
            "hcloud_server.monitoring"
          ]
        }
      ]
    },
    {
      "mode": "managed",
      "type": "hcloud_server",
      "name": "monitoring",
      "provider": "provider[\"registry.terraform.io/hetznercloud/hcloud\"]",
      "instances": [
        {
          "schema_version": 0,
          "attributes": {
            "allow_deprecated_images": false,
            "backup_window": "02-06",
            "backups": true,
            "datacenter": "hel1-dc2",
            "delete_protection": true,
            "firewall_ids": [],
            "id": "40792989",
            "ignore_remote_firewall_ids": false,
            "image": "114690389",
            "ipv4_address": "65.109.12.20",
            "ipv6_address": "2a01:4f9:c010:8762::1",
            "ipv6_network": "2a01:4f9:c010:8762::/64",
            "iso": null,
            "keep_disk": false,
            "labels": {
              "vivaconagua.org/firewall": "monitoring",
              "vivaconagua.org/public_dns": "monitoring.srv.vivaconagua.org",
              "vivaconagua.org/purpose": "monitoring"
            },
            "location": "hel1",
            "name": "monitoring.srv.vivaconagua.org",
            "network": [],
            "placement_group_id": null,
            "public_net": [],
            "rebuild_protection": true,
            "rescue": null,
            "server_type": "cax11",
            "shutdown_before_deletion": false,
            "ssh_keys": null,
            "status": "running",
            "timeouts": null,
            "user_data": "ILh/y2eDpR96bI6XIldn/ZhUJ4Y="
          },
          "sensitive_attributes": [],
          "private": "eyJlMmJmYjczMC1lY2FhLTExZTYtOGY4OC0zNDM2M2JjN2M0YzAiOnsiY3JlYXRlIjo1NDAwMDAwMDAwMDAwfX0=",
          "dependencies": [
            "data.hcloud_image.debian_arm",
            "data.template_file.cloud-init-config"
          ]
        }
      ]
    },
    {
      "mode": "managed",
      "type": "hcloud_ssh_key",
      "name": "ftsell",
      "provider": "provider[\"registry.terraform.io/hetznercloud/hcloud\"]",
      "instances": [
        {
          "schema_version": 0,
          "attributes": {
            "fingerprint": "48:ea:0c:c5:e4:99:85:2b:e0:9f:91:f3:87:3a:65:65",
            "id": "17937811",
            "labels": {},
            "name": "ftsell",
            "public_key": "ssh-rsa AAAAB3NzaC1yc2EAAAADAQABAAABAQCcUOGV3tEfudXOX3JciEmyaGowgGu85OKvmmTPMMcjshh1laHAFnGBjQgizl5jA1wTs0offX9A4Z47RJq7q3PG0OmHeobs4lpPzInMPVKmjoLu9bsllvXgKttGk5I4Epdc2wp7C1T9cfwNAqQOU+H2prC95nbiFPLpFUcQ1R7HEssGkhnyV5zAOQUjsbj1jgyMVCKAPL+Lcc282Auy7qcCk42YnOZSvGJ0Fz3WGOZ2YtL/83OOkbTIXQpGkOYEsOo2pVxd5MjOrebF5XudM4n07w+mBi3PejJnfppDY6AZUwctqcGPXAV2k99ltaakaoZ8kt1QhR/BjpQ6Rw8N99JH\n"
          },
          "sensitive_attributes": [],
          "private": "bnVsbA=="
        }
      ]
    }
  ],
  "check_results": null
}
