{
  "version": 4,
  "terraform_version": "1.6.6",
  "serial": 32,
  "lineage": "9aa83161-4df4-e016-31b6-93063abe9c41",
  "outputs": {
    "kubernetes_load_balancer": {
      "value": "167.233.10.214 \u0026 2a01:4f8:1c1d:f05::1",
      "type": "string"
    }
  },
  "resources": [
    {
      "mode": "data",
      "type": "dns_a_record_set",
      "name": "backend_server",
      "provider": "provider[\"registry.terraform.io/hashicorp/dns\"]",
      "instances": [
        {
          "schema_version": 0,
          "attributes": {
            "addrs": [
              "136.243.53.198"
            ],
            "host": "backend.srv.vivaconagua.org",
            "id": "backend.srv.vivaconagua.org"
          },
          "sensitive_attributes": []
        }
      ]
    },
    {
      "mode": "data",
      "type": "dns_a_record_set",
      "name": "live_server",
      "provider": "provider[\"registry.terraform.io/hashicorp/dns\"]",
      "instances": [
        {
          "schema_version": 0,
          "attributes": {
            "addrs": [
              "144.76.62.66"
            ],
            "host": "live.srv.vivaconagua.org",
            "id": "live.srv.vivaconagua.org"
          },
          "sensitive_attributes": []
        }
      ]
    },
    {
      "mode": "data",
      "type": "dns_a_record_set",
      "name": "production_server",
      "provider": "provider[\"registry.terraform.io/hashicorp/dns\"]",
      "instances": [
        {
          "schema_version": 0,
          "attributes": {
            "addrs": [
              "136.243.50.228"
            ],
            "host": "production.srv.vivaconagua.org",
            "id": "production.srv.vivaconagua.org"
          },
          "sensitive_attributes": []
        }
      ]
    },
    {
      "mode": "data",
      "type": "hcloud_image",
      "name": "debian_arm",
      "provider": "provider[\"registry.terraform.io/hetznercloud/hcloud\"]",
      "instances": [
        {
          "schema_version": 0,
          "attributes": {
            "architecture": "arm",
            "created": "2023-06-13T06:00:03Z",
            "deprecated": null,
            "description": "Debian 12",
            "id": 114690389,
            "include_deprecated": false,
            "labels": {},
            "most_recent": true,
            "name": "debian-12",
            "os_flavor": "debian",
            "os_version": "12",
            "rapid_deploy": true,
            "selector": null,
            "type": "system",
            "with_architecture": "arm",
            "with_selector": null,
            "with_status": [
              "available"
            ]
          },
          "sensitive_attributes": []
        }
      ]
    },
    {
      "mode": "data",
      "type": "hcloud_image",
      "name": "debian_x86",
      "provider": "provider[\"registry.terraform.io/hetznercloud/hcloud\"]",
      "instances": [
        {
          "schema_version": 0,
          "attributes": {
            "architecture": "x86",
            "created": "2023-06-13T06:00:02Z",
            "deprecated": null,
            "description": "Debian 12",
            "id": 114690387,
            "include_deprecated": false,
            "labels": {},
            "most_recent": true,
            "name": "debian-12",
            "os_flavor": "debian",
            "os_version": "12",
            "rapid_deploy": true,
            "selector": null,
            "type": "system",
            "with_architecture": "x86",
            "with_selector": null,
            "with_status": [
              "available"
            ]
          },
          "sensitive_attributes": []
        }
      ]
    },
    {
      "mode": "data",
      "type": "template_file",
      "name": "cloud-init-config",
      "provider": "provider[\"registry.terraform.io/hashicorp/template\"]",
      "instances": [
        {
          "schema_version": 0,
          "attributes": {
            "filename": null,
            "id": "c83c2c5c7572ce3f231d9dba3af45beb01ff4f07dd2cccaaf41c3631127bf354",
            "rendered": "#cloud-config\nssh_pwauth: false\npackage_update: true\npackages:\n  - \"zsh\"\n  - \"git\"\nusers:\n  - name: \"ftsell\"\n    sudo: \"ALL=(ALL) ALL\"\n    shell: \"/usr/bin/bash\"\n    lock_passwd: false\n    passwd: \"$y$j9T$aBIZTwuHwf2z3EcmgPVmj/$QsfbeI3iqtZ8Z/KaR3tJlAnaTynSPj72SWlPxzC4yc7\n\"\n    ssh_authorized_keys:\n      - \"ssh-rsa AAAAB3NzaC1yc2EAAAADAQABAAABAQCcUOGV3tEfudXOX3JciEmyaGowgGu85OKvmmTPMMcjshh1laHAFnGBjQgizl5jA1wTs0offX9A4Z47RJq7q3PG0OmHeobs4lpPzInMPVKmjoLu9bsllvXgKttGk5I4Epdc2wp7C1T9cfwNAqQOU+H2prC95nbiFPLpFUcQ1R7HEssGkhnyV5zAOQUjsbj1jgyMVCKAPL+Lcc282Auy7qcCk42YnOZSvGJ0Fz3WGOZ2YtL/83OOkbTIXQpGkOYEsOo2pVxd5MjOrebF5XudM4n07w+mBi3PejJnfppDY6AZUwctqcGPXAV2k99ltaakaoZ8kt1QhR/BjpQ6Rw8N99JH\n\"\n",
            "template": "#cloud-config\nssh_pwauth: false\npackage_update: true\npackages:\n  - \"zsh\"\n  - \"git\"\nusers:\n  - name: \"ftsell\"\n    sudo: \"ALL=(ALL) ALL\"\n    shell: \"/usr/bin/bash\"\n    lock_passwd: false\n    passwd: \"${ ftsell_pwhash }\"\n    ssh_authorized_keys:\n      - \"${ ftsell_pubkey }\"\n",
            "vars": {
              "ftsell_pubkey": "ssh-rsa AAAAB3NzaC1yc2EAAAADAQABAAABAQCcUOGV3tEfudXOX3JciEmyaGowgGu85OKvmmTPMMcjshh1laHAFnGBjQgizl5jA1wTs0offX9A4Z47RJq7q3PG0OmHeobs4lpPzInMPVKmjoLu9bsllvXgKttGk5I4Epdc2wp7C1T9cfwNAqQOU+H2prC95nbiFPLpFUcQ1R7HEssGkhnyV5zAOQUjsbj1jgyMVCKAPL+Lcc282Auy7qcCk42YnOZSvGJ0Fz3WGOZ2YtL/83OOkbTIXQpGkOYEsOo2pVxd5MjOrebF5XudM4n07w+mBi3PejJnfppDY6AZUwctqcGPXAV2k99ltaakaoZ8kt1QhR/BjpQ6Rw8N99JH\n",
              "ftsell_pwhash": "$y$j9T$aBIZTwuHwf2z3EcmgPVmj/$QsfbeI3iqtZ8Z/KaR3tJlAnaTynSPj72SWlPxzC4yc7\n"
            }
          },
          "sensitive_attributes": []
        }
      ]
    },
    {
      "mode": "managed",
      "type": "hcloud_firewall",
      "name": "monitoring",
      "provider": "provider[\"registry.terraform.io/hetznercloud/hcloud\"]",
      "instances": [
        {
          "schema_version": 0,
          "attributes": {
            "apply_to": [
              {
                "label_selector": "vivaconagua.org/firewall=monitoring",
                "server": 0
              }
            ],
            "id": "1175770",
            "labels": {},
            "name": "monitoring",
            "rule": [
              {
                "description": "http",
                "destination_ips": [],
                "direction": "in",
                "port": "80",
                "protocol": "tcp",
                "source_ips": [
                  "0.0.0.0/0",
                  "::/0"
                ]
              },
              {
                "description": "https",
                "destination_ips": [],
                "direction": "in",
                "port": "443",
                "protocol": "tcp",
                "source_ips": [
                  "0.0.0.0/0",
                  "::/0"
                ]
              },
              {
                "description": "icinga2 node-to-node api",
                "destination_ips": [],
                "direction": "in",
                "port": "5665",
                "protocol": "tcp",
                "source_ips": [
                  "0.0.0.0/0",
                  "::/0"
                ]
              },
              {
                "description": "ping",
                "destination_ips": [],
                "direction": "in",
                "port": "",
                "protocol": "icmp",
                "source_ips": [
                  "0.0.0.0/0",
                  "::/0"
                ]
              },
              {
                "description": "ssh",
                "destination_ips": [],
                "direction": "in",
                "port": "22",
                "protocol": "tcp",
                "source_ips": [
                  "0.0.0.0/0",
                  "::/0"
                ]
              }
            ]
          },
          "sensitive_attributes": [],
          "private": "bnVsbA=="
        }
      ]
    },
    {
      "mode": "managed",
      "type": "hcloud_load_balancer",
      "name": "kubernetes",
      "provider": "provider[\"registry.terraform.io/hetznercloud/hcloud\"]",
      "instances": [
        {
          "schema_version": 0,
          "attributes": {
            "algorithm": [
              {
                "type": "round_robin"
              }
            ],
            "delete_protection": true,
            "id": "741109",
            "ipv4": "167.233.10.214",
            "ipv6": "2a01:4f8:1c1d:f05::1",
            "labels": {},
            "load_balancer_type": "lb11",
            "location": "nbg1",
            "name": "kubernetes",
            "network_id": null,
            "network_ip": null,
            "network_zone": "eu-central",
            "target": [
              {
                "server_id": 0,
                "type": "ip",
                "use_private_ip": false
              }
            ]
          },
          "sensitive_attributes": [],
          "private": "bnVsbA=="
        }
      ]
    },
    {
      "mode": "managed",
      "type": "hcloud_load_balancer_service",
      "name": "kubernetes-ingress-http",
      "provider": "provider[\"registry.terraform.io/hetznercloud/hcloud\"]",
      "instances": [
        {
          "schema_version": 0,
          "attributes": {
            "destination_port": 30080,
            "health_check": [
              {
                "http": [],
                "interval": 15,
                "port": 30080,
                "protocol": "tcp",
                "retries": 3,
                "timeout": 5
              }
            ],
            "http": [],
            "id": "741109__80",
            "listen_port": 80,
            "load_balancer_id": "741109",
            "protocol": "tcp",
            "proxyprotocol": true
          },
          "sensitive_attributes": [],
          "private": "bnVsbA==",
          "dependencies": [
            "hcloud_load_balancer.kubernetes"
          ]
        }
      ]
    },
    {
      "mode": "managed",
      "type": "hcloud_load_balancer_service",
      "name": "kubernetes-ingress-https",
      "provider": "provider[\"registry.terraform.io/hetznercloud/hcloud\"]",
      "instances": [
        {
          "schema_version": 0,
          "attributes": {
            "destination_port": 30443,
            "health_check": [
              {
                "http": [],
                "interval": 15,
                "port": 30443,
                "protocol": "tcp",
                "retries": 3,
                "timeout": 5
              }
            ],
            "http": [],
            "id": "741109__443",
            "listen_port": 443,
            "load_balancer_id": "741109",
            "protocol": "tcp",
            "proxyprotocol": true
          },
          "sensitive_attributes": [],
          "private": "bnVsbA==",
          "dependencies": [
            "hcloud_load_balancer.kubernetes"
          ]
        }
      ]
    },
    {
      "mode": "managed",
      "type": "hcloud_load_balancer_target",
      "name": "kubernetes-backend-srv",
      "provider": "provider[\"registry.terraform.io/hetznercloud/hcloud\"]",
      "instances": [
        {
          "schema_version": 0,
          "attributes": {
            "id": "lb-ip-tgt-facbdfd8e328a4ca5f631acb646d2beb1f4593ee42baa683bbb19322cb2257c4-741109",
            "ip": "136.243.53.198",
            "label_selector": null,
            "load_balancer_id": 741109,
            "server_id": null,
            "type": "ip",
            "use_private_ip": false
          },
          "sensitive_attributes": [],
          "private": "bnVsbA==",
          "dependencies": [
            "data.dns_a_record_set.backend_server",
            "hcloud_load_balancer.kubernetes"
          ]
        }
      ]
    },
    {
      "mode": "managed",
      "type": "hcloud_load_balancer_target",
      "name": "kubernetes-live-srv",
      "provider": "provider[\"registry.terraform.io/hetznercloud/hcloud\"]",
      "instances": [
        {
          "schema_version": 0,
          "attributes": {
            "id": "lb-ip-tgt-f076b8ba8a8c01a90664f29a240a25c38f86a1f4aa161f66d8a31a323b56c8c7-741109",
            "ip": "144.76.62.66",
            "label_selector": null,
            "load_balancer_id": 741109,
            "server_id": null,
            "type": "ip",
            "use_private_ip": false
          },
          "sensitive_attributes": [],
          "private": "bnVsbA==",
          "dependencies": [
            "data.dns_a_record_set.live_server",
            "hcloud_load_balancer.kubernetes"
          ]
        }
      ]
    },
    {
      "mode": "managed",
      "type": "hcloud_load_balancer_target",
      "name": "kubernetes-production-srv",
      "provider": "provider[\"registry.terraform.io/hetznercloud/hcloud\"]",
      "instances": [
        {
          "schema_version": 0,
          "attributes": {
            "id": "lb-ip-tgt-f4e293048e231e6ef51c2762ad7f01a7d5ab2e9cbd3b46173e7164b0a6a2ab32-741109",
            "ip": "136.243.50.228",
            "label_selector": null,
            "load_balancer_id": 741109,
            "server_id": null,
            "type": "ip",
            "use_private_ip": false
          },
          "sensitive_attributes": [],
          "private": "bnVsbA==",
          "dependencies": [
            "data.dns_a_record_set.production_server",
            "hcloud_load_balancer.kubernetes"
          ]
        }
      ]
    },
    {
      "mode": "managed",
      "type": "hcloud_rdns",
      "name": "monitoring-ipv4",
      "provider": "provider[\"registry.terraform.io/hetznercloud/hcloud\"]",
      "instances": [
        {
          "schema_version": 0,
          "attributes": {
            "dns_ptr": "monitoring.srv.vivaconagua.org",
            "floating_ip_id": null,
            "id": "s-40792989-65.109.12.20",
            "ip_address": "65.109.12.20",
            "load_balancer_id": null,
            "primary_ip_id": null,
            "server_id": 40792989
          },
          "sensitive_attributes": [],
          "private": "bnVsbA==",
          "dependencies": [
            "data.hcloud_image.debian_arm",
            "data.template_file.cloud-init-config",
            "hcloud_server.monitoring"
          ]
        }
      ]
    },
    {
      "mode": "managed",
      "type": "hcloud_rdns",
      "name": "monitoring-ipv6",
      "provider": "provider[\"registry.terraform.io/hetznercloud/hcloud\"]",
      "instances": [
        {
          "schema_version": 0,
          "attributes": {
            "dns_ptr": "monitoring.srv.vivaconagua.org",
            "floating_ip_id": null,
            "id": "s-40792989-2a01:4f9:c010:8762::1",
            "ip_address": "2a01:4f9:c010:8762::1",
            "load_balancer_id": null,
            "primary_ip_id": null,
            "server_id": 40792989
          },
          "sensitive_attributes": [],
          "private": "bnVsbA==",
          "dependencies": [
            "data.hcloud_image.debian_arm",
            "data.template_file.cloud-init-config",
            "hcloud_server.monitoring"
          ]
        }
      ]
    },
    {
      "mode": "managed",
      "type": "hcloud_server",
      "name": "monitoring",
      "provider": "provider[\"registry.terraform.io/hetznercloud/hcloud\"]",
      "instances": [
        {
          "schema_version": 0,
          "attributes": {
            "allow_deprecated_images": false,
            "backup_window": "02-06",
            "backups": true,
            "datacenter": "hel1-dc2",
            "delete_protection": true,
            "firewall_ids": [
              1175770
            ],
            "id": "40792989",
            "ignore_remote_firewall_ids": false,
            "image": "114690389",
            "ipv4_address": "65.109.12.20",
            "ipv6_address": "2a01:4f9:c010:8762::1",
            "ipv6_network": "2a01:4f9:c010:8762::/64",
            "iso": null,
            "keep_disk": false,
            "labels": {
              "vivaconagua.org/firewall": "monitoring",
              "vivaconagua.org/public_dns": "monitoring.srv.vivaconagua.org",
              "vivaconagua.org/purpose": "monitoring"
            },
            "location": "hel1",
            "name": "monitoring.srv.vivaconagua.org",
            "network": [],
            "placement_group_id": null,
            "public_net": [],
            "rebuild_protection": true,
            "rescue": null,
            "server_type": "cax11",
            "shutdown_before_deletion": false,
            "ssh_keys": null,
            "status": "running",
            "timeouts": null,
            "user_data": "ILh/y2eDpR96bI6XIldn/ZhUJ4Y="
          },
          "sensitive_attributes": [],
          "private": "eyJlMmJmYjczMC1lY2FhLTExZTYtOGY4OC0zNDM2M2JjN2M0YzAiOnsiY3JlYXRlIjo1NDAwMDAwMDAwMDAwfX0=",
          "dependencies": [
            "data.hcloud_image.debian_arm",
            "data.template_file.cloud-init-config"
          ]
        }
      ]
    },
    {
      "mode": "managed",
      "type": "hcloud_ssh_key",
      "name": "ftsell",
      "provider": "provider[\"registry.terraform.io/hetznercloud/hcloud\"]",
      "instances": [
        {
          "schema_version": 0,
          "attributes": {
            "fingerprint": "48:ea:0c:c5:e4:99:85:2b:e0:9f:91:f3:87:3a:65:65",
            "id": "17937811",
            "labels": {},
            "name": "ftsell",
            "public_key": "ssh-rsa AAAAB3NzaC1yc2EAAAADAQABAAABAQCcUOGV3tEfudXOX3JciEmyaGowgGu85OKvmmTPMMcjshh1laHAFnGBjQgizl5jA1wTs0offX9A4Z47RJq7q3PG0OmHeobs4lpPzInMPVKmjoLu9bsllvXgKttGk5I4Epdc2wp7C1T9cfwNAqQOU+H2prC95nbiFPLpFUcQ1R7HEssGkhnyV5zAOQUjsbj1jgyMVCKAPL+Lcc282Auy7qcCk42YnOZSvGJ0Fz3WGOZ2YtL/83OOkbTIXQpGkOYEsOo2pVxd5MjOrebF5XudM4n07w+mBi3PejJnfppDY6AZUwctqcGPXAV2k99ltaakaoZ8kt1QhR/BjpQ6Rw8N99JH\n"
          },
          "sensitive_attributes": [],
          "private": "bnVsbA=="
        }
      ]
    }
  ],
  "check_results": null
}
